
Microsoft Visual Studio Solution File, Format Version 12.00
# Visual Studio Version 17
VisualStudioVersion = 17.0.31903.59
MinimumVisualStudioVersion = 10.0.40219.1
Project("{FAE04EC0-301F-11D3-BF4B-00C04F79EFBC}") = "Api", "Api\Api.csproj", "{87D7C533-E666-44BE-813D-A3DDE7036A70}"
EndProject
Project("{FAE04EC0-301F-11D3-BF4B-00C04F79EFBC}") = "Domain", "Domain\Domain.csproj", "{0C314D9D-C89E-4538-B911-CC8CD99B72EA}"
EndProject
Project("{FAE04EC0-301F-11D3-BF4B-00C04F79EFBC}") = "UnitTests", "UnitTests\UnitTests.csproj", "{0A4EE351-6713-4A2A-8069-935DD9B06C68}"
EndProject
Project("{FAE04EC0-301F-11D3-BF4B-00C04F79EFBC}") = "IntegrationTests", "IntegrationTests\IntegrationTests.csproj", "{1F7084BC-B6D5-4F95-BA4E-474361824C39}"
EndProject
Project("{2150E333-8FDC-42A3-9474-1A3956D46DE8}") = "database", "database", "{02EA681E-C7D8-13C7-8484-4AC65E1B71E8}"
	ProjectSection(SolutionItems) = preProject
		database\create_users_table.sql = database\create_users_table.sql
	EndProjectSection
EndProject
Global
	GlobalSection(SolutionConfigurationPlatforms) = preSolution
		Debug|Any CPU = Debug|Any CPU
		Debug|x64 = Debug|x64
		Debug|x86 = Debug|x86
		Release|Any CPU = Release|Any CPU
		Release|x64 = Release|x64
		Release|x86 = Release|x86
	EndGlobalSection
	GlobalSection(ProjectConfigurationPlatforms) = postSolution
		{87D7C533-E666-44BE-813D-A3DDE7036A70}.Debug|Any CPU.ActiveCfg = Debug|Any CPU
		{87D7C533-E666-44BE-813D-A3DDE7036A70}.Debug|Any CPU.Build.0 = Debug|Any CPU
		{87D7C533-E666-44BE-813D-A3DDE7036A70}.Debug|x64.ActiveCfg = Debug|Any CPU
		{87D7C533-E666-44BE-813D-A3DDE7036A70}.Debug|x64.Build.0 = Debug|Any CPU
		{87D7C533-E666-44BE-813D-A3DDE7036A70}.Debug|x86.ActiveCfg = Debug|Any CPU
		{87D7C533-E666-44BE-813D-A3DDE7036A70}.Debug|x86.Build.0 = Debug|Any CPU
		{87D7C533-E666-44BE-813D-A3DDE7036A70}.Release|Any CPU.ActiveCfg = Release|Any CPU
		{87D7C533-E666-44BE-813D-A3DDE7036A70}.Release|Any CPU.Build.0 = Release|Any CPU
		{87D7C533-E666-44BE-813D-A3DDE7036A70}.Release|x64.ActiveCfg = Release|Any CPU
		{87D7C533-E666-44BE-813D-A3DDE7036A70}.Release|x64.Build.0 = Release|Any CPU
		{87D7C533-E666-44BE-813D-A3DDE7036A70}.Release|x86.ActiveCfg = Release|Any CPU
		{87D7C533-E666-44BE-813D-A3DDE7036A70}.Release|x86.Build.0 = Release|Any CPU
		{0C314D9D-C89E-4538-B911-CC8CD99B72EA}.Debug|Any CPU.ActiveCfg = Debug|Any CPU
		{0C314D9D-C89E-4538-B911-CC8CD99B72EA}.Debug|Any CPU.Build.0 = Debug|Any CPU
		{0C314D9D-C89E-4538-B911-CC8CD99B72EA}.Debug|x64.ActiveCfg = Debug|Any CPU
		{0C314D9D-C89E-4538-B911-CC8CD99B72EA}.Debug|x64.Build.0 = Debug|Any CPU
		{0C314D9D-C89E-4538-B911-CC8CD99B72EA}.Debug|x86.ActiveCfg = Debug|Any CPU
		{0C314D9D-C89E-4538-B911-CC8CD99B72EA}.Debug|x86.Build.0 = Debug|Any CPU
		{0C314D9D-C89E-4538-B911-CC8CD99B72EA}.Release|Any CPU.ActiveCfg = Release|Any CPU
		{0C314D9D-C89E-4538-B911-CC8CD99B72EA}.Release|Any CPU.Build.0 = Release|Any CPU
		{0C314D9D-C89E-4538-B911-CC8CD99B72EA}.Release|x64.ActiveCfg = Release|Any CPU
		{0C314D9D-C89E-4538-B911-CC8CD99B72EA}.Release|x64.Build.0 = Release|Any CPU
		{0C314D9D-C89E-4538-B911-CC8CD99B72EA}.Release|x86.ActiveCfg = Release|Any CPU
		{0C314D9D-C89E-4538-B911-CC8CD99B72EA}.Release|x86.Build.0 = Release|Any CPU
		{0A4EE351-6713-4A2A-8069-935DD9B06C68}.Debug|Any CPU.ActiveCfg = Debug|Any CPU
		{0A4EE351-6713-4A2A-8069-935DD9B06C68}.Debug|Any CPU.Build.0 = Debug|Any CPU
		{0A4EE351-6713-4A2A-8069-935DD9B06C68}.Debug|x64.ActiveCfg = Debug|Any CPU
		{0A4EE351-6713-4A2A-8069-935DD9B06C68}.Debug|x64.Build.0 = Debug|Any CPU
		{0A4EE351-6713-4A2A-8069-935DD9B06C68}.Debug|x86.ActiveCfg = Debug|Any CPU
		{0A4EE351-6713-4A2A-8069-935DD9B06C68}.Debug|x86.Build.0 = Debug|Any CPU
		{0A4EE351-6713-4A2A-8069-935DD9B06C68}.Release|Any CPU.ActiveCfg = Release|Any CPU
		{0A4EE351-6713-4A2A-8069-935DD9B06C68}.Release|Any CPU.Build.0 = Release|Any CPU
		{0A4EE351-6713-4A2A-8069-935DD9B06C68}.Release|x64.ActiveCfg = Release|Any CPU
		{0A4EE351-6713-4A2A-8069-935DD9B06C68}.Release|x64.Build.0 = Release|Any CPU
		{0A4EE351-6713-4A2A-8069-935DD9B06C68}.Release|x86.ActiveCfg = Release|Any CPU
		{0A4EE351-6713-4A2A-8069-935DD9B06C68}.Release|x86.Build.0 = Release|Any CPU
		{1F7084BC-B6D5-4F95-BA4E-474361824C39}.Debug|Any CPU.ActiveCfg = Debug|Any CPU
		{1F7084BC-B6D5-4F95-BA4E-474361824C39}.Debug|Any CPU.Build.0 = Debug|Any CPU
		{1F7084BC-B6D5-4F95-BA4E-474361824C39}.Debug|x64.ActiveCfg = Debug|Any CPU
		{1F7084BC-B6D5-4F95-BA4E-474361824C39}.Debug|x64.Build.0 = Debug|Any CPU
		{1F7084BC-B6D5-4F95-BA4E-474361824C39}.Debug|x86.ActiveCfg = Debug|Any CPU
		{1F7084BC-B6D5-4F95-BA4E-474361824C39}.Debug|x86.Build.0 = Debug|Any CPU
		{1F7084BC-B6D5-4F95-BA4E-474361824C39}.Release|Any CPU.ActiveCfg = Release|Any CPU
		{1F7084BC-B6D5-4F95-BA4E-474361824C39}.Release|Any CPU.Build.0 = Release|Any CPU
		{1F7084BC-B6D5-4F95-BA4E-474361824C39}.Release|x64.ActiveCfg = Release|Any CPU
		{1F7084BC-B6D5-4F95-BA4E-474361824C39}.Release|x64.Build.0 = Release|Any CPU
		{1F7084BC-B6D5-4F95-BA4E-474361824C39}.Release|x86.ActiveCfg = Release|Any CPU
		{1F7084BC-B6D5-4F95-BA4E-474361824C39}.Release|x86.Build.0 = Release|Any CPU
	EndGlobalSection
	GlobalSection(SolutionProperties) = preSolution
		HideSolutionNode = FALSE
	EndGlobalSection
	GlobalSection(ExtensibilityGlobals) = postSolution
		SolutionGuid = {98213E2F-070B-497D-9B8B-53DE7E391A22}
	EndGlobalSection
EndGlobal
